
Microsoft Visual Studio Solution File, Format Version 12.00
Project("{F2A71F9B-5D33-465A-A702-920D77279786}") = "FSharpMakeASpiral", "FSharpMakeASpiral\FSharpMakeASpiral.fsproj", "{1B6F89EF-E810-43FA-9AA0-B4F8390C95A7}"
EndProject
Project("{FAE04EC0-301F-11D3-BF4B-00C04F79EFBC}") = "CSharpMakeASpiral", "CSharpMakeASpiral\CSharpMakeASpiral.csproj", "{D96C628F-F926-42AE-BF39-2BB7DCE9D01F}"
EndProject
Global
	GlobalSection(SolutionConfigurationPlatforms) = preSolution
		Debug|Any CPU = Debug|Any CPU
		Release|Any CPU = Release|Any CPU
	EndGlobalSection
	GlobalSection(ProjectConfigurationPlatforms) = postSolution
		{1B6F89EF-E810-43FA-9AA0-B4F8390C95A7}.Debug|Any CPU.ActiveCfg = Debug|Any CPU
		{1B6F89EF-E810-43FA-9AA0-B4F8390C95A7}.Debug|Any CPU.Build.0 = Debug|Any CPU
		{1B6F89EF-E810-43FA-9AA0-B4F8390C95A7}.Release|Any CPU.ActiveCfg = Release|Any CPU
		{1B6F89EF-E810-43FA-9AA0-B4F8390C95A7}.Release|Any CPU.Build.0 = Release|Any CPU
		{D96C628F-F926-42AE-BF39-2BB7DCE9D01F}.Debug|Any CPU.ActiveCfg = Debug|Any CPU
		{D96C628F-F926-42AE-BF39-2BB7DCE9D01F}.Debug|Any CPU.Build.0 = Debug|Any CPU
		{D96C628F-F926-42AE-BF39-2BB7DCE9D01F}.Release|Any CPU.ActiveCfg = Release|Any CPU
		{D96C628F-F926-42AE-BF39-2BB7DCE9D01F}.Release|Any CPU.Build.0 = Release|Any CPU
	EndGlobalSection
EndGlobal
